{
  "name": "bilisum",
  "version": "1.13.3",
  "lockfileVersion": 3,
  "requires": true,
  "packages": {
    "": {
      "name": "bilisum",
      "version": "1.13.3",
      "license": "MIT",
      "dependencies": {
        "bilisum": "^1.13.3"
      },
      "bin": {
        "bilisum": "bin/bilisum.js"
      },
      "engines": {
        "node": ">=18"
      }
    },
    "node_modules/bilisum": {
      "version": "1.13.3",
      "resolved": "https://registry.npmjs.org/bilisum/-/bilisum-1.13.3.tgz",
      "integrity": "sha512-GunZwOOZ+/xOronuRrzaHF5d+W8OtaX/9jmYircktL7Gtk95f3/0OQ0alG8qgdVgclYqJvVA6+gPRT2C3w4rdg==",
      "license": "MIT",
      "bin": {
        "bilisum": "bin/bilisum.js"
      },
      "engines": {
        "node": ">=18"
      }
    }
  }
}
